
Microsoft Visual Studio Solution File, Format Version 12.00
# Visual Studio Version 16
VisualStudioVersion = 16.0.29411.108
MinimumVisualStudioVersion = 10.0.40219.1
Project("{FAE04EC0-301F-11D3-BF4B-00C04F79EFBC}") = "FHATest", "FHATest.csproj", "{1F73F645-7ED4-4CEA-88B5-BF567DF71168}"
EndProject
Global
	GlobalSection(SolutionConfigurationPlatforms) = preSolution
		Debug|Any CPU = Debug|Any CPU
		Release|Any CPU = Release|Any CPU
	EndGlobalSection
	GlobalSection(ProjectConfigurationPlatforms) = postSolution
		{1F73F645-7ED4-4CEA-88B5-BF567DF71168}.Debug|Any CPU.ActiveCfg = Debug|Any CPU
		{1F73F645-7ED4-4CEA-88B5-BF567DF71168}.Debug|Any CPU.Build.0 = Debug|Any CPU
		{1F73F645-7ED4-4CEA-88B5-BF567DF71168}.Release|Any CPU.ActiveCfg = Release|Any CPU
		{1F73F645-7ED4-4CEA-88B5-BF567DF71168}.Release|Any CPU.Build.0 = Release|Any CPU
	EndGlobalSection
	GlobalSection(SolutionProperties) = preSolution
		HideSolutionNode = FALSE
	EndGlobalSection
	GlobalSection(ExtensibilityGlobals) = postSolution
		SolutionGuid = {AD46CF7C-A04E-4783-99A0-5F5455DBDAF2}
	EndGlobalSection
EndGlobal
